
Microsoft Visual Studio Solution File, Format Version 12.00
# Visual Studio Version 17
VisualStudioVersion = 17.3.32929.385
MinimumVisualStudioVersion = 10.0.40219.1
Project("{FAE04EC0-301F-11D3-BF4B-00C04F79EFBC}") = "Day2.APIs", "Day2.APIs\Day2.APIs.csproj", "{AB49F48E-4D01-4CCB-850E-20FC29EA0C6B}"
EndProject
Project("{FAE04EC0-301F-11D3-BF4B-00C04F79EFBC}") = "Day2.Bl", "Day2.Bl\Day2.Bl.csproj", "{D99D821A-8EFE-43E6-8F44-563208EC11F0}"
EndProject
Project("{FAE04EC0-301F-11D3-BF4B-00C04F79EFBC}") = "Day2.DAL", "Day2.DAL\Day2.DAL.csproj", "{8C54B04D-3DDF-4DA5-8D32-23E02C8DD995}"
EndProject
Global
	GlobalSection(SolutionConfigurationPlatforms) = preSolution
		Debug|Any CPU = Debug|Any CPU
		Release|Any CPU = Release|Any CPU
	EndGlobalSection
	GlobalSection(ProjectConfigurationPlatforms) = postSolution
		{AB49F48E-4D01-4CCB-850E-20FC29EA0C6B}.Debug|Any CPU.ActiveCfg = Debug|Any CPU
		{AB49F48E-4D01-4CCB-850E-20FC29EA0C6B}.Debug|Any CPU.Build.0 = Debug|Any CPU
		{AB49F48E-4D01-4CCB-850E-20FC29EA0C6B}.Release|Any CPU.ActiveCfg = Release|Any CPU
		{AB49F48E-4D01-4CCB-850E-20FC29EA0C6B}.Release|Any CPU.Build.0 = Release|Any CPU
		{D99D821A-8EFE-43E6-8F44-563208EC11F0}.Debug|Any CPU.ActiveCfg = Debug|Any CPU
		{D99D821A-8EFE-43E6-8F44-563208EC11F0}.Debug|Any CPU.Build.0 = Debug|Any CPU
		{D99D821A-8EFE-43E6-8F44-563208EC11F0}.Release|Any CPU.ActiveCfg = Release|Any CPU
		{D99D821A-8EFE-43E6-8F44-563208EC11F0}.Release|Any CPU.Build.0 = Release|Any CPU
		{8C54B04D-3DDF-4DA5-8D32-23E02C8DD995}.Debug|Any CPU.ActiveCfg = Debug|Any CPU
		{8C54B04D-3DDF-4DA5-8D32-23E02C8DD995}.Debug|Any CPU.Build.0 = Debug|Any CPU
		{8C54B04D-3DDF-4DA5-8D32-23E02C8DD995}.Release|Any CPU.ActiveCfg = Release|Any CPU
		{8C54B04D-3DDF-4DA5-8D32-23E02C8DD995}.Release|Any CPU.Build.0 = Release|Any CPU
	EndGlobalSection
	GlobalSection(SolutionProperties) = preSolution
		HideSolutionNode = FALSE
	EndGlobalSection
	GlobalSection(ExtensibilityGlobals) = postSolution
		SolutionGuid = {3B65367E-5990-44A7-BFBE-4C4D02B8EF0D}
	EndGlobalSection
EndGlobal
